// !$*UTF8*$!
{
	archiveVersion = 1;
	classes = {
	};
	objectVersion = 46;
	objects = {

/* Begin PBXBuildFile section */
		D26012821F0D4AD80061CE79 /* AppDelegate.swift in Sources */ = {isa = PBXBuildFile; fileRef = D26012811F0D4AD80061CE79 /* AppDelegate.swift */; };
		D26012871F0D4AD80061CE79 /* Main.storyboard in Resources */ = {isa = PBXBuildFile; fileRef = D26012851F0D4AD80061CE79 /* Main.storyboard */; };
		D26012891F0D4AD80061CE79 /* Assets.xcassets in Resources */ = {isa = PBXBuildFile; fileRef = D26012881F0D4AD80061CE79 /* Assets.xcassets */; };
		D260128C1F0D4AD80061CE79 /* LaunchScreen.storyboard in Resources */ = {isa = PBXBuildFile; fileRef = D260128A1F0D4AD80061CE79 /* LaunchScreen.storyboard */; };
		D26012941F0D4B3F0061CE79 /* PhotosViewController.swift in Sources */ = {isa = PBXBuildFile; fileRef = D26012931F0D4B3F0061CE79 /* PhotosViewController.swift */; };
		D26012961F0D4DAF0061CE79 /* FlickrAPI.swift in Sources */ = {isa = PBXBuildFile; fileRef = D26012951F0D4DAF0061CE79 /* FlickrAPI.swift */; };
		D26A26A11F0DF59B00A64122 /* PhotoStore.swift in Sources */ = {isa = PBXBuildFile; fileRef = D26A26A01F0DF59B00A64122 /* PhotoStore.swift */; };
		D26A26A31F0E0BBC00A64122 /* Photo.swift in Sources */ = {isa = PBXBuildFile; fileRef = D26A26A21F0E0BBC00A64122 /* Photo.swift */; };
/* End PBXBuildFile section */

/* Begin PBXFileReference section */
		D260127E1F0D4AD80061CE79 /* Photorama.app */ = {isa = PBXFileReference; explicitFileType = wrapper.application; includeInIndex = 0; path = Photorama.app; sourceTree = BUILT_PRODUCTS_DIR; };
		D26012811F0D4AD80061CE79 /* AppDelegate.swift */ = {isa = PBXFileReference; lastKnownFileType = sourcecode.swift; path = AppDelegate.swift; sourceTree = "<group>"; };
		D26012861F0D4AD80061CE79 /* Base */ = {isa = PBXFileReference; lastKnownFileType = file.storyboard; name = Base; path = Base.lproj/Main.storyboard; sourceTree = "<group>"; };
		D26012881F0D4AD80061CE79 /* Assets.xcassets */ = {isa = PBXFileReference; lastKnownFileType = folder.assetcatalog; path = Assets.xcassets; sourceTree = "<group>"; };
		D260128B1F0D4AD80061CE79 /* Base */ = {isa = PBXFileReference; lastKnownFileType = file.storyboard; name = Base; path = Base.lproj/LaunchScreen.storyboard; sourceTree = "<group>"; };
		D260128D1F0D4AD80061CE79 /* Info.plist */ = {isa = PBXFileReference; lastKnownFileType = text.plist.xml; path = Info.plist; sourceTree = "<group>"; };
		D26012931F0D4B3F0061CE79 /* PhotosViewController.swift */ = {isa = PBXFileReference; fileEncoding = 4; lastKnownFileType = sourcecode.swift; path = PhotosViewController.swift; sourceTree = "<group>"; };
		D26012951F0D4DAF0061CE79 /* FlickrAPI.swift */ = {isa = PBXFileReference; fileEncoding = 4; lastKnownFileType = sourcecode.swift; path = FlickrAPI.swift; sourceTree = "<group>"; };
		D26A26A01F0DF59B00A64122 /* PhotoStore.swift */ = {isa = PBXFileReference; fileEncoding = 4; lastKnownFileType = sourcecode.swift; path = PhotoStore.swift; sourceTree = "<group>"; };
		D26A26A21F0E0BBC00A64122 /* Photo.swift */ = {isa = PBXFileReference; fileEncoding = 4; lastKnownFileType = sourcecode.swift; path = Photo.swift; sourceTree = "<group>"; };
/* End PBXFileReference section */

/* Begin PBXFrameworksBuildPhase section */
		D260127B1F0D4AD80061CE79 /* Frameworks */ = {
			isa = PBXFrameworksBuildPhase;
			buildActionMask = 2147483647;
			files = (
			);
			runOnlyForDeploymentPostprocessing = 0;
		};
/* End PBXFrameworksBuildPhase section */

/* Begin PBXGroup section */
		D26012751F0D4AD80061CE79 = {
			isa = PBXGroup;
			children = (
				D26012801F0D4AD80061CE79 /* Photorama */,
				D260127F1F0D4AD80061CE79 /* Products */,
			);
			sourceTree = "<group>";
		};
		D260127F1F0D4AD80061CE79 /* Products */ = {
			isa = PBXGroup;
			children = (
				D260127E1F0D4AD80061CE79 /* Photorama.app */,
			);
			name = Products;
			sourceTree = "<group>";
		};
		D26012801F0D4AD80061CE79 /* Photorama */ = {
			isa = PBXGroup;
			children = (
				D26012811F0D4AD80061CE79 /* AppDelegate.swift */,
				D26012851F0D4AD80061CE79 /* Main.storyboard */,
				D26012951F0D4DAF0061CE79 /* FlickrAPI.swift */,
				D26A26A01F0DF59B00A64122 /* PhotoStore.swift */,
				D26012881F0D4AD80061CE79 /* Assets.xcassets */,
				D260128A1F0D4AD80061CE79 /* LaunchScreen.storyboard */,
				D260128D1F0D4AD80061CE79 /* Info.plist */,
				D26012931F0D4B3F0061CE79 /* PhotosViewController.swift */,
				D26A26A21F0E0BBC00A64122 /* Photo.swift */,
			);
			path = Photorama;
			sourceTree = "<group>";
		};
/* End PBXGroup section */

/* Begin PBXNativeTarget section */
		D260127D1F0D4AD80061CE79 /* Photorama */ = {
			isa = PBXNativeTarget;
			buildConfigurationList = D26012901F0D4AD80061CE79 /* Build configuration list for PBXNativeTarget "Photorama" */;
			buildPhases = (
				D260127A1F0D4AD80061CE79 /* Sources */,
				D260127B1F0D4AD80061CE79 /* Frameworks */,
				D260127C1F0D4AD80061CE79 /* Resources */,
			);
			buildRules = (
			);
			dependencies = (
			);
			name = Photorama;
			productName = Photorama;
			productReference = D260127E1F0D4AD80061CE79 /* Photorama.app */;
			productType = "com.apple.product-type.application";
		};
/* End PBXNativeTarget section */

/* Begin PBXProject section */
		D26012761F0D4AD80061CE79 /* Project object */ = {
			isa = PBXProject;
			attributes = {
				LastSwiftUpdateCheck = 0830;
				LastUpgradeCheck = 0830;
				ORGANIZATIONNAME = "Big Nerd Ranch";
				TargetAttributes = {
					D260127D1F0D4AD80061CE79 = {
						CreatedOnToolsVersion = 8.3.1;
						DevelopmentTeam = 4RBF63Q383;
						ProvisioningStyle = Automatic;
					};
				};
			};
			buildConfigurationList = D26012791F0D4AD80061CE79 /* Build configuration list for PBXProject "Photorama" */;
			compatibilityVersion = "Xcode 3.2";
			developmentRegion = English;
			hasScannedForEncodings = 0;
			knownRegions = (
				en,
				Base,
			);
			mainGroup = D26012751F0D4AD80061CE79;
			productRefGroup = D260127F1F0D4AD80061CE79 /* Products */;
			projectDirPath = "";
			projectRoot = "";
			targets = (
				D260127D1F0D4AD80061CE79 /* Photorama */,
			);
		};
/* End PBXProject section */

/* Begin PBXResourcesBuildPhase section */
		D260127C1F0D4AD80061CE79 /* Resources */ = {
			isa = PBXResourcesBuildPhase;
			buildActionMask = 2147483647;
			files = (
				D260128C1F0D4AD80061CE79 /* LaunchScreen.storyboard in Resources */,
				D26012891F0D4AD80061CE79 /* Assets.xcassets in Resources */,
				D26012871F0D4AD80061CE79 /* Main.storyboard in Resources */,
			);
			runOnlyForDeploymentPostprocessing = 0;
		};
/* End PBXResourcesBuildPhase section */

/* Begin PBXSourcesBuildPhase section */
		D260127A1F0D4AD80061CE79 /* Sources */ = {
			isa = PBXSourcesBuildPhase;
			buildActionMask = 2147483647;
			files = (
				D26012961F0D4DAF0061CE79 /* FlickrAPI.swift in Sources */,
				D26012941F0D4B3F0061CE79 /* PhotosViewController.swift in Sources */,
				D26A26A11F0DF59B00A64122 /* PhotoStore.swift in Sources */,
				D26012821F0D4AD80061CE79 /* AppDelegate.swift in Sources */,
				D26A26A31F0E0BBC00A64122 /* Photo.swift in Sources */,
			);
			runOnlyForDeploymentPostprocessing = 0;
		};
/* End PBXSourcesBuildPhase section */

/* Begin PBXVariantGroup section */
		D26012851F0D4AD80061CE79 /* Main.storyboard */ = {
			isa = PBXVariantGroup;
			children = (
				D26012861F0D4AD80061CE79 /* Base */,
			);
			name = Main.storyboard;
			sourceTree = "<group>";
		};
		D260128A1F0D4AD80061CE79 /* LaunchScreen.storyboard */ = {
			isa = PBXVariantGroup;
			children = (
				D260128B1F0D4AD80061CE79 /* Base */,
			);
			name = LaunchScreen.storyboard;
			sourceTree = "<group>";
		};
/* End PBXVariantGroup section */

/* Begin XCBuildConfiguration section */
		D260128E1F0D4AD80061CE79 /* Debug */ = {
			isa = XCBuildConfiguration;
			buildSettings = {
				ALWAYS_SEARCH_USER_PATHS = NO;
				CLANG_ANALYZER_NONNULL = YES;
				CLANG_ANALYZER_NUMBER_OBJECT_CONVERSION = YES_AGGRESSIVE;
				CLANG_CXX_LANGUAGE_STANDARD = "gnu++0x";
				CLANG_CXX_LIBRARY = "libc++";
				CLANG_ENABLE_MODULES = YES;
				CLANG_ENABLE_OBJC_ARC = YES;
				CLANG_WARN_BOOL_CONVERSION = YES;
				CLANG_WARN_CONSTANT_CONVERSION = YES;
				CLANG_WARN_DIRECT_OBJC_ISA_USAGE = YES_ERROR;
				CLANG_WARN_DOCUMENTATION_COMMENTS = YES;
				CLANG_WARN_EMPTY_BODY = YES;
				CLANG_WARN_ENUM_CONVERSION = YES;
				CLANG_WARN_INFINITE_RECURSION = YES;
				CLANG_WARN_INT_CONVERSION = YES;
				CLANG_WARN_OBJC_ROOT_CLASS = YES_ERROR;
				CLANG_WARN_SUSPICIOUS_MOVE = YES;
				CLANG_WARN_UNREACHABLE_CODE = YES;
				CLANG_WARN__DUPLICATE_METHOD_MATCH = YES;
				"CODE_SIGN_IDENTITY[sdk=iphoneos*]" = "iPhone Developer";
				COPY_PHASE_STRIP = NO;
				DEBUG_INFORMATION_FORMAT = dwarf;
				ENABLE_STRICT_OBJC_MSGSEND = YES;
				ENABLE_TESTABILITY = YES;
				GCC_C_LANGUAGE_STANDARD = gnu99;
				GCC_DYNAMIC_NO_PIC = NO;
				GCC_NO_COMMON_BLOCKS = YES;
				GCC_OPTIMIZATION_LEVEL = 0;
				GCC_PREPROCESSOR_DEFINITIONS = (
					"DEBUG=1",
					"$(inherited)",
				);
				GCC_WARN_64_TO_32_BIT_CONVERSION = YES;
				GCC_WARN_ABOUT_RETURN_TYPE = YES_ERROR;
				GCC_WARN_UNDECLARED_SELECTOR = YES;
				GCC_WARN_UNINITIALIZED_AUTOS = YES_AGGRESSIVE;
				GCC_WARN_UNUSED_FUNCTION = YES;
				GCC_WARN_UNUSED_VARIABLE = YES;
				IPHONEOS_DEPLOYMENT_TARGET = 10.3;
				MTL_ENABLE_DEBUG_INFO = YES;
				ONLY_ACTIVE_ARCH = YES;
				SDKROOT = iphoneos;
				SWIFT_ACTIVE_COMPILATION_CONDITIONS = DEBUG;
				SWIFT_OPTIMIZATION_LEVEL = "-Onone";
				TARGETED_DEVICE_FAMILY = "1,2";
			};
			name = Debug;
		};
		D260128F1F0D4AD80061CE79 /* Release */ = {
			isa = XCBuildConfiguration;
			buildSettings = {
				ALWAYS_SEARCH_USER_PATHS = NO;
				CLANG_ANALYZER_NONNULL = YES;
				CLANG_ANALYZER_NUMBER_OBJECT_CONVERSION = YES_AGGRESSIVE;
				CLANG_CXX_LANGUAGE_STANDARD = "gnu++0x";
				CLANG_CXX_LIBRARY = "libc++";
				CLANG_ENABLE_MODULES = YES;
				CLANG_ENABLE_OBJC_ARC = YES;
				CLANG_WARN_BOOL_CONVERSION = YES;
				CLANG_WARN_CONSTANT_CONVERSION = YES;
				CLANG_WARN_DIRECT_OBJC_ISA_USAGE = YES_ERROR;
				CLANG_WARN_DOCUMENTATION_COMMENTS = YES;
				CLANG_WARN_EMPTY_BODY = YES;
				CLANG_WARN_ENUM_CONVERSION = YES;
				CLANG_WARN_INFINITE_RECURSION = YES;
				CLANG_WARN_INT_CONVERSION = YES;
				CLANG_WARN_OBJC_ROOT_CLASS = YES_ERROR;
				CLANG_WARN_SUSPICIOUS_MOVE = YES;
				CLANG_WARN_UNREACHABLE_CODE = YES;
				CLANG_WARN__DUPLICATE_METHOD_MATCH = YES;
				"CODE_SIGN_IDENTITY[sdk=iphoneos*]" = "iPhone Developer";
				COPY_PHASE_STRIP = NO;
				DEBUG_INFORMATION_FORMAT = "dwarf-with-dsym";
				ENABLE_NS_ASSERTIONS = NO;
				ENABLE_STRICT_OBJC_MSGSEND = YES;
				GCC_C_LANGUAGE_STANDARD = gnu99;
				GCC_NO_COMMON_BLOCKS = YES;
				GCC_WARN_64_TO_32_BIT_CONVERSION = YES;
				GCC_WARN_ABOUT_RETURN_TYPE = YES_ERROR;
				GCC_WARN_UNDECLARED_SELECTOR = YES;
				GCC_WARN_UNINITIALIZED_AUTOS = YES_AGGRESSIVE;
				GCC_WARN_UNUSED_FUNCTION = YES;
				GCC_WARN_UNUSED_VARIABLE = YES;
				IPHONEOS_DEPLOYMENT_TARGET = 10.3;
				MTL_ENABLE_DEBUG_INFO = NO;
				SDKROOT = iphoneos;
				SWIFT_OPTIMIZATION_LEVEL = "-Owholemodule";
				TARGETED_DEVICE_FAMILY = "1,2";
				VALIDATE_PRODUCT = YES;
			};
			name = Release;
		};
		D26012911F0D4AD80061CE79 /* Debug */ = {
			isa = XCBuildConfiguration;
			buildSettings = {
				ASSETCATALOG_COMPILER_APPICON_NAME = AppIcon;
				DEVELOPMENT_TEAM = 4RBF63Q383;
				INFOPLIST_FILE = Photorama/Info.plist;
				LD_RUNPATH_SEARCH_PATHS = "$(inherited) @executable_path/Frameworks";
				PRODUCT_BUNDLE_IDENTIFIER = com.amado.Photorama;
				PRODUCT_NAME = "$(TARGET_NAME)";
				SWIFT_VERSION = 3.0;
			};
			name = Debug;
		};
		D26012921F0D4AD80061CE79 /* Release */ = {
			isa = XCBuildConfiguration;
			buildSettings = {
				ASSETCATALOG_COMPILER_APPICON_NAME = AppIcon;
				DEVELOPMENT_TEAM = 4RBF63Q383;
				INFOPLIST_FILE = Photorama/Info.plist;
				LD_RUNPATH_SEARCH_PATHS = "$(inherited) @executable_path/Frameworks";
				PRODUCT_BUNDLE_IDENTIFIER = com.amado.Photorama;
				PRODUCT_NAME = "$(TARGET_NAME)";
				SWIFT_VERSION = 3.0;
			};
			name = Release;
		};
/* End XCBuildConfiguration section */

/* Begin XCConfigurationList section */
		D26012791F0D4AD80061CE79 /* Build configuration list for PBXProject "Photorama" */ = {
			isa = XCConfigurationList;
			buildConfigurations = (
				D260128E1F0D4AD80061CE79 /* Debug */,
				D260128F1F0D4AD80061CE79 /* Release */,
			);
			defaultConfigurationIsVisible = 0;
			defaultConfigurationName = Release;
		};
		D26012901F0D4AD80061CE79 /* Build configuration list for PBXNativeTarget "Photorama" */ = {
			isa = XCConfigurationList;
			buildConfigurations = (
				D26012911F0D4AD80061CE79 /* Debug */,
				D26012921F0D4AD80061CE79 /* Release */,
			);
			defaultConfigurationIsVisible = 0;
			defaultConfigurationName = Release;
		};
/* End XCConfigurationList section */
	};
	rootObject = D26012761F0D4AD80061CE79 /* Project object */;
}
